
Microsoft Visual Studio Solution File, Format Version 12.00
# Visual Studio 2012
Project("{2150E333-8FDC-42A3-9474-1A3956D46DE8}") = "PayPal.Forms", "PayPal.Forms", "{2E11C012-9CFA-4678-8658-F9348E020417}"
EndProject
Project("{FAE04EC0-301F-11D3-BF4B-00C04F79EFBC}") = "PayPal.Forms.iOS", "PayPal.Forms\PayPal.Forms.iOS\PayPal.Forms.iOS.csproj", "{A9632F38-8FDC-4078-B68C-35B07EC3954A}"
EndProject
Project("{FAE04EC0-301F-11D3-BF4B-00C04F79EFBC}") = "PayPal.Forms.Android", "PayPal.Forms\PayPal.Forms.Android\PayPal.Forms.Android.csproj", "{02AFD965-25BD-43B4-B252-261C3CA1BFF3}"
EndProject
Project("{FAE04EC0-301F-11D3-BF4B-00C04F79EFBC}") = "PayPal.Forms.Abstractions", "PayPal.Forms\PayPal.Forms.Abstractions\PayPal.Forms.Abstractions.csproj", "{C2B98778-0CDB-412D-AA34-00C1B509F16B}"
EndProject
Project("{FAE04EC0-301F-11D3-BF4B-00C04F79EFBC}") = "PayPal.Forms", "PayPal.Forms\PayPal.Forms\PayPal.Forms.csproj", "{8BFAC12A-C893-420A-BD97-75645DE22BA1}"
EndProject
Project("{2150E333-8FDC-42A3-9474-1A3956D46DE8}") = "NativeLibraries", "NativeLibraries", "{8245AD52-2E26-42D1-963B-4D6FF8DAE9BD}"
EndProject
Project("{FAE04EC0-301F-11D3-BF4B-00C04F79EFBC}") = "Xamarin.PayPal.Android", "..\..\Xamarin.PayPal.Android\Xamarin.PayPal.Android.csproj", "{89663452-3B69-44EE-9039-4C1AA58CE84D}"
EndProject
Project("{FAE04EC0-301F-11D3-BF4B-00C04F79EFBC}") = "Xamarin.PayPal.iOS", "..\..\Xamarin.PayPal.iOS\Xamarin.PayPal.iOS.csproj", "{D1319CA8-09B7-416B-AC4F-90F02E656B8C}"
EndProject
Project("{FAE04EC0-301F-11D3-BF4B-00C04F79EFBC}") = "Xamarin.PayPal.Android.CardIO", "..\..\Xamarin.PayPal.Android.CardIO\Xamarin.PayPal.Android.CardIO.csproj", "{84E82AD1-6ACF-46DC-99F0-66D4E666D229}"
EndProject
Project("{2150E333-8FDC-42A3-9474-1A3956D46DE8}") = "PayPal.Forms.Test", "PayPal.Forms.Test", "{CE0EE391-2778-4B08-98A4-304BE0471A0D}"
EndProject
Project("{D954291E-2A0B-460D-934E-DC6B0785DB48}") = "PayPal.Forms.Test", "PayPal.Forms.Test\PayPal.Forms.Test.shproj", "{56E1812A-DF06-48DA-8017-79994C4FD455}"
EndProject
Project("{FAE04EC0-301F-11D3-BF4B-00C04F79EFBC}") = "PayPal.Forms.Test.iOS", "iOS\PayPal.Forms.Test.iOS.csproj", "{B8865AF6-1E8A-4929-8CAC-51AF1DB91E21}"
EndProject
Project("{FAE04EC0-301F-11D3-BF4B-00C04F79EFBC}") = "PayPal.Forms.Test.Droid", "Droid\PayPal.Forms.Test.Droid.csproj", "{65D8DEA9-0ECA-4762-A1E3-AD0AAB67B58E}"
EndProject
Project("{2150E333-8FDC-42A3-9474-1A3956D46DE8}") = "NativeApps", "NativeApps", "{4E2E7757-A4D9-4D7B-A338-7ADF50B2818F}"
EndProject
Project("{FAE04EC0-301F-11D3-BF4B-00C04F79EFBC}") = "PayPalAndroidTest", "PayPalAndroidTest\PayPalAndroidTest.csproj", "{78BBB12B-66EE-4420-BAE9-0FF0455B40AC}"
EndProject
Project("{FAE04EC0-301F-11D3-BF4B-00C04F79EFBC}") = "PayPayiOSTest", "PayPalAndroidTest\PayPayiOSTest\PayPayiOSTest.csproj", "{AD83CD1C-5E3E-43D0-B681-46864B22E852}"
EndProject
Project("{2150E333-8FDC-42A3-9474-1A3956D46DE8}") = "Nuget", "Nuget", "{6CDD8DE1-1587-407D-A481-23545D962620}"
	ProjectSection(SolutionItems) = preProject
		..\..\PayPal.Forms.nuspec = ..\..\PayPal.Forms.nuspec
		..\..\Xamarin.PayPal.Android.CardIO.nuspec = ..\..\Xamarin.PayPal.Android.CardIO.nuspec
		..\..\Xamarin.PayPal.Android.nuspec = ..\..\Xamarin.PayPal.Android.nuspec
		..\..\Xamarin.PayPal.iOS.nuspec = ..\..\Xamarin.PayPal.iOS.nuspec
	EndProjectSection
EndProject
Project("{2150E333-8FDC-42A3-9474-1A3956D46DE8}") = "PayPal.Forms.Test.PCL", "PayPal.Forms.Test.PCL", "{FFAF1A76-94CB-4386-BA2C-3E3CB7CFD8CC}"
EndProject
Project("{FAE04EC0-301F-11D3-BF4B-00C04F79EFBC}") = "PayPal.Forms.Test.PCL.iOS", "PayPal.Forms.Test.PCL\iOS\PayPal.Forms.Test.PCL.iOS.csproj", "{C2A2997E-0144-4F2C-B8A8-1B56F4BE0120}"
EndProject
Project("{FAE04EC0-301F-11D3-BF4B-00C04F79EFBC}") = "PayPal.Forms.Test.PCL.Droid", "PayPal.Forms.Test.PCL\Droid\PayPal.Forms.Test.PCL.Droid.csproj", "{539D98E7-C21A-4252-9211-043B74297B39}"
EndProject
Project("{FAE04EC0-301F-11D3-BF4B-00C04F79EFBC}") = "PayPal.Forms.Test.PCL", "PayPal.Forms.Test.PCL\PayPal.Forms.Test.PCL\PayPal.Forms.Test.PCL.csproj", "{8ABA34DF-0DC9-4001-ACA8-2D8FC969EB66}"
EndProject
Global
	GlobalSection(SolutionConfigurationPlatforms) = preSolution
		Debug|x86 = Debug|x86
		Release|x86 = Release|x86
		Debug|iPhoneSimulator = Debug|iPhoneSimulator
		Release|iPhone = Release|iPhone
		Release|iPhoneSimulator = Release|iPhoneSimulator
		Debug|iPhone = Debug|iPhone
	EndGlobalSection
	GlobalSection(ProjectConfigurationPlatforms) = postSolution
		{02AFD965-25BD-43B4-B252-261C3CA1BFF3}.Debug|iPhone.ActiveCfg = Debug|Any CPU
		{02AFD965-25BD-43B4-B252-261C3CA1BFF3}.Debug|iPhone.Build.0 = Debug|Any CPU
		{02AFD965-25BD-43B4-B252-261C3CA1BFF3}.Debug|iPhoneSimulator.ActiveCfg = Debug|Any CPU
		{02AFD965-25BD-43B4-B252-261C3CA1BFF3}.Debug|iPhoneSimulator.Build.0 = Debug|Any CPU
		{02AFD965-25BD-43B4-B252-261C3CA1BFF3}.Debug|x86.ActiveCfg = Debug|Any CPU
		{02AFD965-25BD-43B4-B252-261C3CA1BFF3}.Debug|x86.Build.0 = Debug|Any CPU
		{02AFD965-25BD-43B4-B252-261C3CA1BFF3}.Release|iPhone.ActiveCfg = Release|Any CPU
		{02AFD965-25BD-43B4-B252-261C3CA1BFF3}.Release|iPhone.Build.0 = Release|Any CPU
		{02AFD965-25BD-43B4-B252-261C3CA1BFF3}.Release|iPhoneSimulator.ActiveCfg = Release|Any CPU
		{02AFD965-25BD-43B4-B252-261C3CA1BFF3}.Release|iPhoneSimulator.Build.0 = Release|Any CPU
		{02AFD965-25BD-43B4-B252-261C3CA1BFF3}.Release|x86.ActiveCfg = Release|Any CPU
		{02AFD965-25BD-43B4-B252-261C3CA1BFF3}.Release|x86.Build.0 = Release|Any CPU
		{539D98E7-C21A-4252-9211-043B74297B39}.Debug|iPhone.ActiveCfg = Debug|Any CPU
		{539D98E7-C21A-4252-9211-043B74297B39}.Debug|iPhone.Build.0 = Debug|Any CPU
		{539D98E7-C21A-4252-9211-043B74297B39}.Debug|iPhoneSimulator.ActiveCfg = Debug|Any CPU
		{539D98E7-C21A-4252-9211-043B74297B39}.Debug|iPhoneSimulator.Build.0 = Debug|Any CPU
		{539D98E7-C21A-4252-9211-043B74297B39}.Debug|x86.ActiveCfg = Debug|Any CPU
		{539D98E7-C21A-4252-9211-043B74297B39}.Debug|x86.Build.0 = Debug|Any CPU
		{539D98E7-C21A-4252-9211-043B74297B39}.Release|iPhone.ActiveCfg = Release|Any CPU
		{539D98E7-C21A-4252-9211-043B74297B39}.Release|iPhone.Build.0 = Release|Any CPU
		{539D98E7-C21A-4252-9211-043B74297B39}.Release|iPhoneSimulator.ActiveCfg = Release|Any CPU
		{539D98E7-C21A-4252-9211-043B74297B39}.Release|iPhoneSimulator.Build.0 = Release|Any CPU
		{539D98E7-C21A-4252-9211-043B74297B39}.Release|x86.ActiveCfg = Release|Any CPU
		{539D98E7-C21A-4252-9211-043B74297B39}.Release|x86.Build.0 = Release|Any CPU
		{65D8DEA9-0ECA-4762-A1E3-AD0AAB67B58E}.Debug|iPhone.ActiveCfg = Debug|Any CPU
		{65D8DEA9-0ECA-4762-A1E3-AD0AAB67B58E}.Debug|iPhone.Build.0 = Debug|Any CPU
		{65D8DEA9-0ECA-4762-A1E3-AD0AAB67B58E}.Debug|iPhoneSimulator.ActiveCfg = Debug|Any CPU
		{65D8DEA9-0ECA-4762-A1E3-AD0AAB67B58E}.Debug|iPhoneSimulator.Build.0 = Debug|Any CPU
		{65D8DEA9-0ECA-4762-A1E3-AD0AAB67B58E}.Debug|x86.ActiveCfg = Debug|Any CPU
		{65D8DEA9-0ECA-4762-A1E3-AD0AAB67B58E}.Debug|x86.Build.0 = Debug|Any CPU
		{65D8DEA9-0ECA-4762-A1E3-AD0AAB67B58E}.Release|iPhone.ActiveCfg = Release|Any CPU
		{65D8DEA9-0ECA-4762-A1E3-AD0AAB67B58E}.Release|iPhone.Build.0 = Release|Any CPU
		{65D8DEA9-0ECA-4762-A1E3-AD0AAB67B58E}.Release|iPhoneSimulator.ActiveCfg = Release|Any CPU
		{65D8DEA9-0ECA-4762-A1E3-AD0AAB67B58E}.Release|iPhoneSimulator.Build.0 = Release|Any CPU
		{65D8DEA9-0ECA-4762-A1E3-AD0AAB67B58E}.Release|x86.ActiveCfg = Release|Any CPU
		{65D8DEA9-0ECA-4762-A1E3-AD0AAB67B58E}.Release|x86.Build.0 = Release|Any CPU
		{78BBB12B-66EE-4420-BAE9-0FF0455B40AC}.Debug|iPhone.ActiveCfg = Debug|Any CPU
		{78BBB12B-66EE-4420-BAE9-0FF0455B40AC}.Debug|iPhone.Build.0 = Debug|Any CPU
		{78BBB12B-66EE-4420-BAE9-0FF0455B40AC}.Debug|iPhoneSimulator.ActiveCfg = Debug|Any CPU
		{78BBB12B-66EE-4420-BAE9-0FF0455B40AC}.Debug|iPhoneSimulator.Build.0 = Debug|Any CPU
		{78BBB12B-66EE-4420-BAE9-0FF0455B40AC}.Debug|x86.ActiveCfg = Debug|Any CPU
		{78BBB12B-66EE-4420-BAE9-0FF0455B40AC}.Debug|x86.Build.0 = Debug|Any CPU
		{78BBB12B-66EE-4420-BAE9-0FF0455B40AC}.Release|iPhone.ActiveCfg = Release|Any CPU
		{78BBB12B-66EE-4420-BAE9-0FF0455B40AC}.Release|iPhone.Build.0 = Release|Any CPU
		{78BBB12B-66EE-4420-BAE9-0FF0455B40AC}.Release|iPhoneSimulator.ActiveCfg = Release|Any CPU
		{78BBB12B-66EE-4420-BAE9-0FF0455B40AC}.Release|iPhoneSimulator.Build.0 = Release|Any CPU
		{78BBB12B-66EE-4420-BAE9-0FF0455B40AC}.Release|x86.ActiveCfg = Release|Any CPU
		{78BBB12B-66EE-4420-BAE9-0FF0455B40AC}.Release|x86.Build.0 = Release|Any CPU
		{84E82AD1-6ACF-46DC-99F0-66D4E666D229}.Debug|iPhone.ActiveCfg = Debug|Any CPU
		{84E82AD1-6ACF-46DC-99F0-66D4E666D229}.Debug|iPhone.Build.0 = Debug|Any CPU
		{84E82AD1-6ACF-46DC-99F0-66D4E666D229}.Debug|iPhoneSimulator.ActiveCfg = Debug|Any CPU
		{84E82AD1-6ACF-46DC-99F0-66D4E666D229}.Debug|iPhoneSimulator.Build.0 = Debug|Any CPU
		{84E82AD1-6ACF-46DC-99F0-66D4E666D229}.Debug|x86.ActiveCfg = Debug|Any CPU
		{84E82AD1-6ACF-46DC-99F0-66D4E666D229}.Debug|x86.Build.0 = Debug|Any CPU
		{84E82AD1-6ACF-46DC-99F0-66D4E666D229}.Release|iPhone.ActiveCfg = Release|Any CPU
		{84E82AD1-6ACF-46DC-99F0-66D4E666D229}.Release|iPhone.Build.0 = Release|Any CPU
		{84E82AD1-6ACF-46DC-99F0-66D4E666D229}.Release|iPhoneSimulator.ActiveCfg = Release|Any CPU
		{84E82AD1-6ACF-46DC-99F0-66D4E666D229}.Release|iPhoneSimulator.Build.0 = Release|Any CPU
		{84E82AD1-6ACF-46DC-99F0-66D4E666D229}.Release|x86.ActiveCfg = Release|Any CPU
		{84E82AD1-6ACF-46DC-99F0-66D4E666D229}.Release|x86.Build.0 = Release|Any CPU
		{89663452-3B69-44EE-9039-4C1AA58CE84D}.Debug|iPhone.ActiveCfg = Debug|Any CPU
		{89663452-3B69-44EE-9039-4C1AA58CE84D}.Debug|iPhone.Build.0 = Debug|Any CPU
		{89663452-3B69-44EE-9039-4C1AA58CE84D}.Debug|iPhoneSimulator.ActiveCfg = Debug|Any CPU
		{89663452-3B69-44EE-9039-4C1AA58CE84D}.Debug|iPhoneSimulator.Build.0 = Debug|Any CPU
		{89663452-3B69-44EE-9039-4C1AA58CE84D}.Debug|x86.ActiveCfg = Debug|Any CPU
		{89663452-3B69-44EE-9039-4C1AA58CE84D}.Debug|x86.Build.0 = Debug|Any CPU
		{89663452-3B69-44EE-9039-4C1AA58CE84D}.Release|iPhone.ActiveCfg = Release|Any CPU
		{89663452-3B69-44EE-9039-4C1AA58CE84D}.Release|iPhone.Build.0 = Release|Any CPU
		{89663452-3B69-44EE-9039-4C1AA58CE84D}.Release|iPhoneSimulator.ActiveCfg = Release|Any CPU
		{89663452-3B69-44EE-9039-4C1AA58CE84D}.Release|iPhoneSimulator.Build.0 = Release|Any CPU
		{89663452-3B69-44EE-9039-4C1AA58CE84D}.Release|x86.ActiveCfg = Release|Any CPU
		{89663452-3B69-44EE-9039-4C1AA58CE84D}.Release|x86.Build.0 = Release|Any CPU
		{8BFAC12A-C893-420A-BD97-75645DE22BA1}.Debug|iPhone.ActiveCfg = Debug|Any CPU
		{8BFAC12A-C893-420A-BD97-75645DE22BA1}.Debug|iPhone.Build.0 = Debug|Any CPU
		{8BFAC12A-C893-420A-BD97-75645DE22BA1}.Debug|iPhoneSimulator.ActiveCfg = Debug|Any CPU
		{8BFAC12A-C893-420A-BD97-75645DE22BA1}.Debug|iPhoneSimulator.Build.0 = Debug|Any CPU
		{8BFAC12A-C893-420A-BD97-75645DE22BA1}.Debug|x86.ActiveCfg = Debug|Any CPU
		{8BFAC12A-C893-420A-BD97-75645DE22BA1}.Debug|x86.Build.0 = Debug|Any CPU
		{8BFAC12A-C893-420A-BD97-75645DE22BA1}.Release|iPhone.ActiveCfg = Release|Any CPU
		{8BFAC12A-C893-420A-BD97-75645DE22BA1}.Release|iPhone.Build.0 = Release|Any CPU
		{8BFAC12A-C893-420A-BD97-75645DE22BA1}.Release|iPhoneSimulator.ActiveCfg = Release|Any CPU
		{8BFAC12A-C893-420A-BD97-75645DE22BA1}.Release|iPhoneSimulator.Build.0 = Release|Any CPU
		{8BFAC12A-C893-420A-BD97-75645DE22BA1}.Release|x86.ActiveCfg = Release|Any CPU
		{8BFAC12A-C893-420A-BD97-75645DE22BA1}.Release|x86.Build.0 = Release|Any CPU
		{A9632F38-8FDC-4078-B68C-35B07EC3954A}.Debug|iPhone.ActiveCfg = Debug|Any CPU
		{A9632F38-8FDC-4078-B68C-35B07EC3954A}.Debug|iPhone.Build.0 = Debug|Any CPU
		{A9632F38-8FDC-4078-B68C-35B07EC3954A}.Debug|iPhoneSimulator.ActiveCfg = Debug|Any CPU
		{A9632F38-8FDC-4078-B68C-35B07EC3954A}.Debug|iPhoneSimulator.Build.0 = Debug|Any CPU
		{A9632F38-8FDC-4078-B68C-35B07EC3954A}.Debug|x86.ActiveCfg = Debug|Any CPU
		{A9632F38-8FDC-4078-B68C-35B07EC3954A}.Debug|x86.Build.0 = Debug|Any CPU
		{A9632F38-8FDC-4078-B68C-35B07EC3954A}.Release|iPhone.ActiveCfg = Release|Any CPU
		{A9632F38-8FDC-4078-B68C-35B07EC3954A}.Release|iPhone.Build.0 = Release|Any CPU
		{A9632F38-8FDC-4078-B68C-35B07EC3954A}.Release|iPhoneSimulator.ActiveCfg = Release|Any CPU
		{A9632F38-8FDC-4078-B68C-35B07EC3954A}.Release|iPhoneSimulator.Build.0 = Release|Any CPU
		{A9632F38-8FDC-4078-B68C-35B07EC3954A}.Release|x86.ActiveCfg = Release|Any CPU
		{A9632F38-8FDC-4078-B68C-35B07EC3954A}.Release|x86.Build.0 = Release|Any CPU
		{AD83CD1C-5E3E-43D0-B681-46864B22E852}.Debug|iPhone.ActiveCfg = Debug|iPhone
		{AD83CD1C-5E3E-43D0-B681-46864B22E852}.Debug|iPhone.Build.0 = Debug|iPhone
		{AD83CD1C-5E3E-43D0-B681-46864B22E852}.Debug|iPhoneSimulator.ActiveCfg = Debug|iPhoneSimulator
		{AD83CD1C-5E3E-43D0-B681-46864B22E852}.Debug|iPhoneSimulator.Build.0 = Debug|iPhoneSimulator
		{AD83CD1C-5E3E-43D0-B681-46864B22E852}.Debug|x86.ActiveCfg = Debug|iPhoneSimulator
		{AD83CD1C-5E3E-43D0-B681-46864B22E852}.Debug|x86.Build.0 = Debug|iPhoneSimulator
		{AD83CD1C-5E3E-43D0-B681-46864B22E852}.Release|iPhone.ActiveCfg = Release|iPhone
		{AD83CD1C-5E3E-43D0-B681-46864B22E852}.Release|iPhone.Build.0 = Release|iPhone
		{AD83CD1C-5E3E-43D0-B681-46864B22E852}.Release|iPhoneSimulator.ActiveCfg = Release|iPhoneSimulator
		{AD83CD1C-5E3E-43D0-B681-46864B22E852}.Release|iPhoneSimulator.Build.0 = Release|iPhoneSimulator
		{AD83CD1C-5E3E-43D0-B681-46864B22E852}.Release|x86.ActiveCfg = Release|iPhone
		{AD83CD1C-5E3E-43D0-B681-46864B22E852}.Release|x86.Build.0 = Release|iPhone
		{B8865AF6-1E8A-4929-8CAC-51AF1DB91E21}.Debug|iPhone.ActiveCfg = Debug|iPhone
		{B8865AF6-1E8A-4929-8CAC-51AF1DB91E21}.Debug|iPhone.Build.0 = Debug|iPhone
		{B8865AF6-1E8A-4929-8CAC-51AF1DB91E21}.Debug|iPhoneSimulator.ActiveCfg = Debug|iPhoneSimulator
		{B8865AF6-1E8A-4929-8CAC-51AF1DB91E21}.Debug|iPhoneSimulator.Build.0 = Debug|iPhoneSimulator
		{B8865AF6-1E8A-4929-8CAC-51AF1DB91E21}.Debug|x86.ActiveCfg = Debug|iPhoneSimulator
		{B8865AF6-1E8A-4929-8CAC-51AF1DB91E21}.Debug|x86.Build.0 = Debug|iPhoneSimulator
		{B8865AF6-1E8A-4929-8CAC-51AF1DB91E21}.Release|iPhone.ActiveCfg = Release|iPhone
		{B8865AF6-1E8A-4929-8CAC-51AF1DB91E21}.Release|iPhone.Build.0 = Release|iPhone
		{B8865AF6-1E8A-4929-8CAC-51AF1DB91E21}.Release|iPhoneSimulator.ActiveCfg = Release|iPhoneSimulator
		{B8865AF6-1E8A-4929-8CAC-51AF1DB91E21}.Release|iPhoneSimulator.Build.0 = Release|iPhoneSimulator
		{B8865AF6-1E8A-4929-8CAC-51AF1DB91E21}.Release|x86.ActiveCfg = Release|iPhone
		{B8865AF6-1E8A-4929-8CAC-51AF1DB91E21}.Release|x86.Build.0 = Release|iPhone
		{C2A2997E-0144-4F2C-B8A8-1B56F4BE0120}.Debug|iPhone.ActiveCfg = Debug|iPhone
		{C2A2997E-0144-4F2C-B8A8-1B56F4BE0120}.Debug|iPhone.Build.0 = Debug|iPhone
		{C2A2997E-0144-4F2C-B8A8-1B56F4BE0120}.Debug|iPhoneSimulator.ActiveCfg = Debug|iPhoneSimulator
		{C2A2997E-0144-4F2C-B8A8-1B56F4BE0120}.Debug|iPhoneSimulator.Build.0 = Debug|iPhoneSimulator
		{C2A2997E-0144-4F2C-B8A8-1B56F4BE0120}.Debug|x86.ActiveCfg = Debug|iPhoneSimulator
		{C2A2997E-0144-4F2C-B8A8-1B56F4BE0120}.Debug|x86.Build.0 = Debug|iPhoneSimulator
		{C2A2997E-0144-4F2C-B8A8-1B56F4BE0120}.Release|iPhone.ActiveCfg = Release|iPhone
		{C2A2997E-0144-4F2C-B8A8-1B56F4BE0120}.Release|iPhone.Build.0 = Release|iPhone
		{C2A2997E-0144-4F2C-B8A8-1B56F4BE0120}.Release|iPhoneSimulator.ActiveCfg = Release|iPhoneSimulator
		{C2A2997E-0144-4F2C-B8A8-1B56F4BE0120}.Release|iPhoneSimulator.Build.0 = Release|iPhoneSimulator
		{C2A2997E-0144-4F2C-B8A8-1B56F4BE0120}.Release|x86.ActiveCfg = Release|iPhone
		{C2A2997E-0144-4F2C-B8A8-1B56F4BE0120}.Release|x86.Build.0 = Release|iPhone
		{C2B98778-0CDB-412D-AA34-00C1B509F16B}.Debug|iPhone.ActiveCfg = Debug|Any CPU
		{C2B98778-0CDB-412D-AA34-00C1B509F16B}.Debug|iPhone.Build.0 = Debug|Any CPU
		{C2B98778-0CDB-412D-AA34-00C1B509F16B}.Debug|iPhoneSimulator.ActiveCfg = Debug|Any CPU
		{C2B98778-0CDB-412D-AA34-00C1B509F16B}.Debug|iPhoneSimulator.Build.0 = Debug|Any CPU
		{C2B98778-0CDB-412D-AA34-00C1B509F16B}.Debug|x86.ActiveCfg = Debug|Any CPU
		{C2B98778-0CDB-412D-AA34-00C1B509F16B}.Debug|x86.Build.0 = Debug|Any CPU
		{C2B98778-0CDB-412D-AA34-00C1B509F16B}.Release|iPhone.ActiveCfg = Release|Any CPU
		{C2B98778-0CDB-412D-AA34-00C1B509F16B}.Release|iPhone.Build.0 = Release|Any CPU
		{C2B98778-0CDB-412D-AA34-00C1B509F16B}.Release|iPhoneSimulator.ActiveCfg = Release|Any CPU
		{C2B98778-0CDB-412D-AA34-00C1B509F16B}.Release|iPhoneSimulator.Build.0 = Release|Any CPU
		{C2B98778-0CDB-412D-AA34-00C1B509F16B}.Release|x86.ActiveCfg = Release|Any CPU
		{C2B98778-0CDB-412D-AA34-00C1B509F16B}.Release|x86.Build.0 = Release|Any CPU
		{D1319CA8-09B7-416B-AC4F-90F02E656B8C}.Debug|iPhone.ActiveCfg = Debug|Any CPU
		{D1319CA8-09B7-416B-AC4F-90F02E656B8C}.Debug|iPhone.Build.0 = Debug|Any CPU
		{D1319CA8-09B7-416B-AC4F-90F02E656B8C}.Debug|iPhoneSimulator.ActiveCfg = Debug|Any CPU
		{D1319CA8-09B7-416B-AC4F-90F02E656B8C}.Debug|iPhoneSimulator.Build.0 = Debug|Any CPU
		{D1319CA8-09B7-416B-AC4F-90F02E656B8C}.Debug|x86.ActiveCfg = Debug|Any CPU
		{D1319CA8-09B7-416B-AC4F-90F02E656B8C}.Debug|x86.Build.0 = Debug|Any CPU
		{D1319CA8-09B7-416B-AC4F-90F02E656B8C}.Release|iPhone.ActiveCfg = Release|Any CPU
		{D1319CA8-09B7-416B-AC4F-90F02E656B8C}.Release|iPhone.Build.0 = Release|Any CPU
		{D1319CA8-09B7-416B-AC4F-90F02E656B8C}.Release|iPhoneSimulator.ActiveCfg = Release|Any CPU
		{D1319CA8-09B7-416B-AC4F-90F02E656B8C}.Release|iPhoneSimulator.Build.0 = Release|Any CPU
		{D1319CA8-09B7-416B-AC4F-90F02E656B8C}.Release|x86.ActiveCfg = Release|Any CPU
		{D1319CA8-09B7-416B-AC4F-90F02E656B8C}.Release|x86.Build.0 = Release|Any CPU
		{8ABA34DF-0DC9-4001-ACA8-2D8FC969EB66}.Debug|x86.ActiveCfg = Debug|Any CPU
		{8ABA34DF-0DC9-4001-ACA8-2D8FC969EB66}.Debug|x86.Build.0 = Debug|Any CPU
		{8ABA34DF-0DC9-4001-ACA8-2D8FC969EB66}.Release|x86.ActiveCfg = Release|Any CPU
		{8ABA34DF-0DC9-4001-ACA8-2D8FC969EB66}.Release|x86.Build.0 = Release|Any CPU
		{8ABA34DF-0DC9-4001-ACA8-2D8FC969EB66}.Debug|iPhoneSimulator.ActiveCfg = Debug|Any CPU
		{8ABA34DF-0DC9-4001-ACA8-2D8FC969EB66}.Debug|iPhoneSimulator.Build.0 = Debug|Any CPU
		{8ABA34DF-0DC9-4001-ACA8-2D8FC969EB66}.Release|iPhone.ActiveCfg = Release|Any CPU
		{8ABA34DF-0DC9-4001-ACA8-2D8FC969EB66}.Release|iPhone.Build.0 = Release|Any CPU
		{8ABA34DF-0DC9-4001-ACA8-2D8FC969EB66}.Release|iPhoneSimulator.ActiveCfg = Release|Any CPU
		{8ABA34DF-0DC9-4001-ACA8-2D8FC969EB66}.Release|iPhoneSimulator.Build.0 = Release|Any CPU
		{8ABA34DF-0DC9-4001-ACA8-2D8FC969EB66}.Debug|iPhone.ActiveCfg = Debug|Any CPU
		{8ABA34DF-0DC9-4001-ACA8-2D8FC969EB66}.Debug|iPhone.Build.0 = Debug|Any CPU
	EndGlobalSection
	GlobalSection(NestedProjects) = preSolution
		{A9632F38-8FDC-4078-B68C-35B07EC3954A} = {2E11C012-9CFA-4678-8658-F9348E020417}
		{02AFD965-25BD-43B4-B252-261C3CA1BFF3} = {2E11C012-9CFA-4678-8658-F9348E020417}
		{C2B98778-0CDB-412D-AA34-00C1B509F16B} = {2E11C012-9CFA-4678-8658-F9348E020417}
		{8BFAC12A-C893-420A-BD97-75645DE22BA1} = {2E11C012-9CFA-4678-8658-F9348E020417}
		{89663452-3B69-44EE-9039-4C1AA58CE84D} = {8245AD52-2E26-42D1-963B-4D6FF8DAE9BD}
		{D1319CA8-09B7-416B-AC4F-90F02E656B8C} = {8245AD52-2E26-42D1-963B-4D6FF8DAE9BD}
		{84E82AD1-6ACF-46DC-99F0-66D4E666D229} = {8245AD52-2E26-42D1-963B-4D6FF8DAE9BD}
		{56E1812A-DF06-48DA-8017-79994C4FD455} = {CE0EE391-2778-4B08-98A4-304BE0471A0D}
		{B8865AF6-1E8A-4929-8CAC-51AF1DB91E21} = {CE0EE391-2778-4B08-98A4-304BE0471A0D}
		{65D8DEA9-0ECA-4762-A1E3-AD0AAB67B58E} = {CE0EE391-2778-4B08-98A4-304BE0471A0D}
		{78BBB12B-66EE-4420-BAE9-0FF0455B40AC} = {4E2E7757-A4D9-4D7B-A338-7ADF50B2818F}
		{AD83CD1C-5E3E-43D0-B681-46864B22E852} = {4E2E7757-A4D9-4D7B-A338-7ADF50B2818F}
		{C2A2997E-0144-4F2C-B8A8-1B56F4BE0120} = {FFAF1A76-94CB-4386-BA2C-3E3CB7CFD8CC}
		{539D98E7-C21A-4252-9211-043B74297B39} = {FFAF1A76-94CB-4386-BA2C-3E3CB7CFD8CC}
		{8ABA34DF-0DC9-4001-ACA8-2D8FC969EB66} = {FFAF1A76-94CB-4386-BA2C-3E3CB7CFD8CC}
	EndGlobalSection
EndGlobal
